
Microsoft Visual Studio Solution File, Format Version 12.00
# Visual Studio Version 17
VisualStudioVersion = 17.7.34221.43
MinimumVisualStudioVersion = 10.0.40219.1
Project("{9A19103F-16F7-4668-BE54-9A1E7A4F7556}") = "BethanysPieShopHRM.App", "BethanysPieShopHRM.App\BethanysPieShopHRM.App.csproj", "{DFA799F0-8535-451E-9682-D8509680B922}"
EndProject
Project("{9A19103F-16F7-4668-BE54-9A1E7A4F7556}") = "BethanysPieShopHRM.Shared", "BethanysPieShopHRM.Shared\BethanysPieShopHRM.Shared.csproj", "{D0935CE1-095F-4345-B0BB-4CD6A9B2618A}"
EndProject
Project("{9A19103F-16F7-4668-BE54-9A1E7A4F7556}") = "BethanysPieShopHRM.Api", "BethanysPieShopHRM.Api\BethanysPieShopHRM.Api.csproj", "{EFFF0291-FD1F-42FA-B3A7-D42AAF63372D}"
EndProject
Project("{9A19103F-16F7-4668-BE54-9A1E7A4F7556}") = "BethanysPieShopHRM.ComponentsLibrary", "BethanysPieShopHRM.ComponentsLibrary\BethanysPieShopHRM.ComponentsLibrary.csproj", "{330E71BF-FE48-47FB-B0B9-794CD969FFD3}"
EndProject
Project("{9A19103F-16F7-4668-BE54-9A1E7A4F7556}") = "BethanysPieShopHRM.App.Tests", "BethanysPieShopHRM.App.Tests\BethanysPieShopHRM.App.Tests.csproj", "{79CC2F11-DA79-42B9-B80C-DB5D64CF939B}"
EndProject
Global
	GlobalSection(SolutionConfigurationPlatforms) = preSolution
		Debug|Any CPU = Debug|Any CPU
		Release|Any CPU = Release|Any CPU
	EndGlobalSection
	GlobalSection(ProjectConfigurationPlatforms) = postSolution
		{DFA799F0-8535-451E-9682-D8509680B922}.Debug|Any CPU.ActiveCfg = Debug|Any CPU
		{DFA799F0-8535-451E-9682-D8509680B922}.Debug|Any CPU.Build.0 = Debug|Any CPU
		{DFA799F0-8535-451E-9682-D8509680B922}.Release|Any CPU.ActiveCfg = Release|Any CPU
		{DFA799F0-8535-451E-9682-D8509680B922}.Release|Any CPU.Build.0 = Release|Any CPU
		{D0935CE1-095F-4345-B0BB-4CD6A9B2618A}.Debug|Any CPU.ActiveCfg = Debug|Any CPU
		{D0935CE1-095F-4345-B0BB-4CD6A9B2618A}.Debug|Any CPU.Build.0 = Debug|Any CPU
		{D0935CE1-095F-4345-B0BB-4CD6A9B2618A}.Release|Any CPU.ActiveCfg = Release|Any CPU
		{D0935CE1-095F-4345-B0BB-4CD6A9B2618A}.Release|Any CPU.Build.0 = Release|Any CPU
		{EFFF0291-FD1F-42FA-B3A7-D42AAF63372D}.Debug|Any CPU.ActiveCfg = Debug|Any CPU
		{EFFF0291-FD1F-42FA-B3A7-D42AAF63372D}.Debug|Any CPU.Build.0 = Debug|Any CPU
		{EFFF0291-FD1F-42FA-B3A7-D42AAF63372D}.Release|Any CPU.ActiveCfg = Release|Any CPU
		{EFFF0291-FD1F-42FA-B3A7-D42AAF63372D}.Release|Any CPU.Build.0 = Release|Any CPU
		{330E71BF-FE48-47FB-B0B9-794CD969FFD3}.Debug|Any CPU.ActiveCfg = Debug|Any CPU
		{330E71BF-FE48-47FB-B0B9-794CD969FFD3}.Debug|Any CPU.Build.0 = Debug|Any CPU
		{330E71BF-FE48-47FB-B0B9-794CD969FFD3}.Release|Any CPU.ActiveCfg = Release|Any CPU
		{330E71BF-FE48-47FB-B0B9-794CD969FFD3}.Release|Any CPU.Build.0 = Release|Any CPU
		{79CC2F11-DA79-42B9-B80C-DB5D64CF939B}.Debug|Any CPU.ActiveCfg = Debug|Any CPU
		{79CC2F11-DA79-42B9-B80C-DB5D64CF939B}.Debug|Any CPU.Build.0 = Debug|Any CPU
		{79CC2F11-DA79-42B9-B80C-DB5D64CF939B}.Release|Any CPU.ActiveCfg = Release|Any CPU
		{79CC2F11-DA79-42B9-B80C-DB5D64CF939B}.Release|Any CPU.Build.0 = Release|Any CPU
	EndGlobalSection
	GlobalSection(SolutionProperties) = preSolution
		HideSolutionNode = FALSE
	EndGlobalSection
	GlobalSection(ExtensibilityGlobals) = postSolution
		SolutionGuid = {A50AA6AB-BA7D-46C6-94AD-7D1D157686F5}
	EndGlobalSection
EndGlobal
